
Microsoft Visual Studio Solution File, Format Version 12.00
# Visual Studio Version 17
VisualStudioVersion = 17.0.31903.59
MinimumVisualStudioVersion = 10.0.40219.1
Project("{FAE04EC0-301F-11D3-BF4B-00C04F79EFBC}") = "AdventOfCode.Project", "AdventOfCode.Project\AdventOfCode.Project.csproj", "{0D2AC747-5396-4E84-A459-85723C8168B5}"
EndProject
Project("{FAE04EC0-301F-11D3-BF4B-00C04F79EFBC}") = "AdventOfCode.Project1.Tests", "AdventOfCode.Project1.Tests\AdventOfCode.Project1.Tests.csproj", "{F3B8E836-1B3A-4FF3-8459-550FAA12B069}"
EndProject
Project("{FAE04EC0-301F-11D3-BF4B-00C04F79EFBC}") = "AdventOfCode.Project2.Tests", "AdventOfCode.Project2.Tests\AdventOfCode.Project2.Tests.csproj", "{997C7E9E-07C7-4A4C-9811-47CEAB43BEF4}"
EndProject
Project("{FAE04EC0-301F-11D3-BF4B-00C04F79EFBC}") = "AdventOfCode.Tests.Shared", "AdventOfCode.Tests.Shared\AdventOfCode.Tests.Shared.csproj", "{7F8D2182-ED81-4F33-BB05-CF4219FBAA39}"
EndProject
Project("{FAE04EC0-301F-11D3-BF4B-00C04F79EFBC}") = "AdventOfCode.Shared", "AdventOfCode.Shared\AdventOfCode.Shared.csproj", "{78BB23D7-8AEE-486F-8B5A-0BB0B174C490}"
EndProject
Global
	GlobalSection(SolutionConfigurationPlatforms) = preSolution
		Debug|Any CPU = Debug|Any CPU
		Release|Any CPU = Release|Any CPU
	EndGlobalSection
	GlobalSection(SolutionProperties) = preSolution
		HideSolutionNode = FALSE
	EndGlobalSection
	GlobalSection(ProjectConfigurationPlatforms) = postSolution
		{0D2AC747-5396-4E84-A459-85723C8168B5}.Debug|Any CPU.ActiveCfg = Debug|Any CPU
		{0D2AC747-5396-4E84-A459-85723C8168B5}.Debug|Any CPU.Build.0 = Debug|Any CPU
		{0D2AC747-5396-4E84-A459-85723C8168B5}.Release|Any CPU.ActiveCfg = Release|Any CPU
		{0D2AC747-5396-4E84-A459-85723C8168B5}.Release|Any CPU.Build.0 = Release|Any CPU
		{F3B8E836-1B3A-4FF3-8459-550FAA12B069}.Debug|Any CPU.ActiveCfg = Debug|Any CPU
		{F3B8E836-1B3A-4FF3-8459-550FAA12B069}.Debug|Any CPU.Build.0 = Debug|Any CPU
		{F3B8E836-1B3A-4FF3-8459-550FAA12B069}.Release|Any CPU.ActiveCfg = Release|Any CPU
		{F3B8E836-1B3A-4FF3-8459-550FAA12B069}.Release|Any CPU.Build.0 = Release|Any CPU
		{997C7E9E-07C7-4A4C-9811-47CEAB43BEF4}.Debug|Any CPU.ActiveCfg = Debug|Any CPU
		{997C7E9E-07C7-4A4C-9811-47CEAB43BEF4}.Debug|Any CPU.Build.0 = Debug|Any CPU
		{997C7E9E-07C7-4A4C-9811-47CEAB43BEF4}.Release|Any CPU.ActiveCfg = Release|Any CPU
		{997C7E9E-07C7-4A4C-9811-47CEAB43BEF4}.Release|Any CPU.Build.0 = Release|Any CPU
		{7F8D2182-ED81-4F33-BB05-CF4219FBAA39}.Debug|Any CPU.ActiveCfg = Debug|Any CPU
		{7F8D2182-ED81-4F33-BB05-CF4219FBAA39}.Debug|Any CPU.Build.0 = Debug|Any CPU
		{7F8D2182-ED81-4F33-BB05-CF4219FBAA39}.Release|Any CPU.ActiveCfg = Release|Any CPU
		{7F8D2182-ED81-4F33-BB05-CF4219FBAA39}.Release|Any CPU.Build.0 = Release|Any CPU
		{78BB23D7-8AEE-486F-8B5A-0BB0B174C490}.Debug|Any CPU.ActiveCfg = Debug|Any CPU
		{78BB23D7-8AEE-486F-8B5A-0BB0B174C490}.Debug|Any CPU.Build.0 = Debug|Any CPU
		{78BB23D7-8AEE-486F-8B5A-0BB0B174C490}.Release|Any CPU.ActiveCfg = Release|Any CPU
		{78BB23D7-8AEE-486F-8B5A-0BB0B174C490}.Release|Any CPU.Build.0 = Release|Any CPU
	EndGlobalSection
EndGlobal
